
Microsoft Visual Studio Solution File, Format Version 12.00
# Visual Studio 15
VisualStudioVersion = 15.0.28307.168
MinimumVisualStudioVersion = 10.0.40219.1
Project("{FAE04EC0-301F-11D3-BF4B-00C04F79EFBC}") = "Navigation", "SimpleDataApp\Navigation.csproj", "{D0F3AE3A-ECA8-40AD-9988-3E3B59639D8D}"
EndProject
Global
	GlobalSection(SolutionConfigurationPlatforms) = preSolution
		Debug|Any CPU = Debug|Any CPU
		Release|Any CPU = Release|Any CPU
	EndGlobalSection
	GlobalSection(ProjectConfigurationPlatforms) = postSolution
		{D0F3AE3A-ECA8-40AD-9988-3E3B59639D8D}.Debug|Any CPU.ActiveCfg = Debug|Any CPU
		{D0F3AE3A-ECA8-40AD-9988-3E3B59639D8D}.Debug|Any CPU.Build.0 = Debug|Any CPU
		{D0F3AE3A-ECA8-40AD-9988-3E3B59639D8D}.Release|Any CPU.ActiveCfg = Release|Any CPU
		{D0F3AE3A-ECA8-40AD-9988-3E3B59639D8D}.Release|Any CPU.Build.0 = Release|Any CPU
	EndGlobalSection
	GlobalSection(SolutionProperties) = preSolution
		HideSolutionNode = FALSE
	EndGlobalSection
	GlobalSection(ExtensibilityGlobals) = postSolution
		SolutionGuid = {4AFBEBA7-7326-4F87-A32F-1242F0E1E946}
	EndGlobalSection
EndGlobal
